
Microsoft Visual Studio Solution File, Format Version 12.00
# Visual Studio Version 17
VisualStudioVersion = 17.1.32414.318
MinimumVisualStudioVersion = 10.0.40219.1
Project("{FAE04EC0-301F-11D3-BF4B-00C04F79EFBC}") = "Hw7csh", "Hw7csh\Hw7csh.csproj", "{C0CBDB8C-ECCA-48BE-97B5-DC099754E710}"
EndProject
Global
	GlobalSection(SolutionConfigurationPlatforms) = preSolution
		Debug|Any CPU = Debug|Any CPU
		Release|Any CPU = Release|Any CPU
	EndGlobalSection
	GlobalSection(ProjectConfigurationPlatforms) = postSolution
		{C0CBDB8C-ECCA-48BE-97B5-DC099754E710}.Debug|Any CPU.ActiveCfg = Debug|Any CPU
		{C0CBDB8C-ECCA-48BE-97B5-DC099754E710}.Debug|Any CPU.Build.0 = Debug|Any CPU
		{C0CBDB8C-ECCA-48BE-97B5-DC099754E710}.Release|Any CPU.ActiveCfg = Release|Any CPU
		{C0CBDB8C-ECCA-48BE-97B5-DC099754E710}.Release|Any CPU.Build.0 = Release|Any CPU
	EndGlobalSection
	GlobalSection(SolutionProperties) = preSolution
		HideSolutionNode = FALSE
	EndGlobalSection
	GlobalSection(ExtensibilityGlobals) = postSolution
		SolutionGuid = {73AAE17A-8C8E-4B89-B4BF-1CB5B4ACBAE4}
	EndGlobalSection
EndGlobal
